// !$*UTF8*$!
{
	archiveVersion = 1;
	classes = {
	};
	objectVersion = 55;
	objects = {

/* Begin PBXBuildFile section */
		AA1751CC2890156700053328 /* DataModel.swift in Sources */ = {isa = PBXBuildFile; fileRef = AA1751CB2890156700053328 /* DataModel.swift */; };
		AA1751D12892D7FD00053328 /* IconPickerViewController.swift in Sources */ = {isa = PBXBuildFile; fileRef = AA1751D02892D7FD00053328 /* IconPickerViewController.swift */; };
		AA1E3504287A8E61009C0FAD /* ChecklistItem.swift in Sources */ = {isa = PBXBuildFile; fileRef = AA1E3503287A8E61009C0FAD /* ChecklistItem.swift */; };
		AA1E350A287C52FA009C0FAD /* AddItemViewController.swift in Sources */ = {isa = PBXBuildFile; fileRef = AA1E3509287C52FA009C0FAD /* AddItemViewController.swift */; };
		AA79D295287E6FBE002EB787 /* AllListsViewController.swift in Sources */ = {isa = PBXBuildFile; fileRef = AA79D294287E6FBE002EB787 /* AllListsViewController.swift */; };
		AA8A5B19287942E900470D94 /* AppDelegate.swift in Sources */ = {isa = PBXBuildFile; fileRef = AA8A5B18287942E900470D94 /* AppDelegate.swift */; };
		AA8A5B1B287942E900470D94 /* SceneDelegate.swift in Sources */ = {isa = PBXBuildFile; fileRef = AA8A5B1A287942E900470D94 /* SceneDelegate.swift */; };
		AA8A5B1D287942E900470D94 /* ChecklistViewController.swift in Sources */ = {isa = PBXBuildFile; fileRef = AA8A5B1C287942E900470D94 /* ChecklistViewController.swift */; };
		AA8A5B20287942E900470D94 /* Main.storyboard in Resources */ = {isa = PBXBuildFile; fileRef = AA8A5B1E287942E900470D94 /* Main.storyboard */; };
		AA8A5B22287942EA00470D94 /* Assets.xcassets in Resources */ = {isa = PBXBuildFile; fileRef = AA8A5B21287942EA00470D94 /* Assets.xcassets */; };
		AADFEE45287FE7E8004619D6 /* Checklist.swift in Sources */ = {isa = PBXBuildFile; fileRef = AADFEE44287FE7E8004619D6 /* Checklist.swift */; };
		AADFEE47287FF2C1004619D6 /* ListDetailViewController.swift in Sources */ = {isa = PBXBuildFile; fileRef = AADFEE46287FF2C1004619D6 /* ListDetailViewController.swift */; };
/* End PBXBuildFile section */

/* Begin PBXFileReference section */
		AA1751CB2890156700053328 /* DataModel.swift */ = {isa = PBXFileReference; lastKnownFileType = sourcecode.swift; path = DataModel.swift; sourceTree = "<group>"; };
		AA1751D02892D7FD00053328 /* IconPickerViewController.swift */ = {isa = PBXFileReference; lastKnownFileType = sourcecode.swift; path = IconPickerViewController.swift; sourceTree = "<group>"; };
		AA1E3503287A8E61009C0FAD /* ChecklistItem.swift */ = {isa = PBXFileReference; lastKnownFileType = sourcecode.swift; path = ChecklistItem.swift; sourceTree = "<group>"; };
		AA1E3509287C52FA009C0FAD /* AddItemViewController.swift */ = {isa = PBXFileReference; lastKnownFileType = sourcecode.swift; path = AddItemViewController.swift; sourceTree = "<group>"; };
		AA79D294287E6FBE002EB787 /* AllListsViewController.swift */ = {isa = PBXFileReference; lastKnownFileType = sourcecode.swift; path = AllListsViewController.swift; sourceTree = "<group>"; };
		AA8A5B15287942E900470D94 /* Checklist.app */ = {isa = PBXFileReference; explicitFileType = wrapper.application; includeInIndex = 0; path = Checklist.app; sourceTree = BUILT_PRODUCTS_DIR; };
		AA8A5B18287942E900470D94 /* AppDelegate.swift */ = {isa = PBXFileReference; lastKnownFileType = sourcecode.swift; path = AppDelegate.swift; sourceTree = "<group>"; };
		AA8A5B1A287942E900470D94 /* SceneDelegate.swift */ = {isa = PBXFileReference; lastKnownFileType = sourcecode.swift; path = SceneDelegate.swift; sourceTree = "<group>"; };
		AA8A5B1C287942E900470D94 /* ChecklistViewController.swift */ = {isa = PBXFileReference; lastKnownFileType = sourcecode.swift; path = ChecklistViewController.swift; sourceTree = "<group>"; };
		AA8A5B1F287942E900470D94 /* Base */ = {isa = PBXFileReference; lastKnownFileType = file.storyboard; name = Base; path = Base.lproj/Main.storyboard; sourceTree = "<group>"; };
		AA8A5B21287942EA00470D94 /* Assets.xcassets */ = {isa = PBXFileReference; lastKnownFileType = folder.assetcatalog; path = Assets.xcassets; sourceTree = "<group>"; };
		AA8A5B26287942EA00470D94 /* Info.plist */ = {isa = PBXFileReference; lastKnownFileType = text.plist.xml; path = Info.plist; sourceTree = "<group>"; };
		AADFEE44287FE7E8004619D6 /* Checklist.swift */ = {isa = PBXFileReference; lastKnownFileType = sourcecode.swift; path = Checklist.swift; sourceTree = "<group>"; };
		AADFEE46287FF2C1004619D6 /* ListDetailViewController.swift */ = {isa = PBXFileReference; lastKnownFileType = sourcecode.swift; path = ListDetailViewController.swift; sourceTree = "<group>"; };
/* End PBXFileReference section */

/* Begin PBXFrameworksBuildPhase section */
		AA8A5B12287942E900470D94 /* Frameworks */ = {
			isa = PBXFrameworksBuildPhase;
			buildActionMask = 2147483647;
			files = (
			);
			runOnlyForDeploymentPostprocessing = 0;
		};
/* End PBXFrameworksBuildPhase section */

/* Begin PBXGroup section */
		AA1751CD28912D2000053328 /* View Controllers */ = {
			isa = PBXGroup;
			children = (
				AA8A5B1C287942E900470D94 /* ChecklistViewController.swift */,
				AA1E3509287C52FA009C0FAD /* AddItemViewController.swift */,
				AA79D294287E6FBE002EB787 /* AllListsViewController.swift */,
				AADFEE46287FF2C1004619D6 /* ListDetailViewController.swift */,
				AA1751D02892D7FD00053328 /* IconPickerViewController.swift */,
			);
			path = "View Controllers";
			sourceTree = "<group>";
		};
		AA1751CE28912D2C00053328 /* Data Models */ = {
			isa = PBXGroup;
			children = (
				AA1E3503287A8E61009C0FAD /* ChecklistItem.swift */,
				AADFEE44287FE7E8004619D6 /* Checklist.swift */,
				AA1751CB2890156700053328 /* DataModel.swift */,
			);
			path = "Data Models";
			sourceTree = "<group>";
		};
		AA1751CF28912D5700053328 /* Resources */ = {
			isa = PBXGroup;
			children = (
				AA8A5B1E287942E900470D94 /* Main.storyboard */,
				AA8A5B21287942EA00470D94 /* Assets.xcassets */,
			);
			path = Resources;
			sourceTree = "<group>";
		};
		AA8A5B0C287942E900470D94 = {
			isa = PBXGroup;
			children = (
				AA8A5B17287942E900470D94 /* Checklist */,
				AA8A5B16287942E900470D94 /* Products */,
			);
			sourceTree = "<group>";
		};
		AA8A5B16287942E900470D94 /* Products */ = {
			isa = PBXGroup;
			children = (
				AA8A5B15287942E900470D94 /* Checklist.app */,
			);
			name = Products;
			sourceTree = "<group>";
		};
		AA8A5B17287942E900470D94 /* Checklist */ = {
			isa = PBXGroup;
			children = (
				AA1751CF28912D5700053328 /* Resources */,
				AA1751CE28912D2C00053328 /* Data Models */,
				AA1751CD28912D2000053328 /* View Controllers */,
				AA8A5B18287942E900470D94 /* AppDelegate.swift */,
				AA8A5B1A287942E900470D94 /* SceneDelegate.swift */,
				AA8A5B26287942EA00470D94 /* Info.plist */,
			);
			path = Checklist;
			sourceTree = "<group>";
		};
/* End PBXGroup section */

/* Begin PBXNativeTarget section */
		AA8A5B14287942E900470D94 /* Checklist */ = {
			isa = PBXNativeTarget;
			buildConfigurationList = AA8A5B29287942EA00470D94 /* Build configuration list for PBXNativeTarget "Checklist" */;
			buildPhases = (
				AA8A5B11287942E900470D94 /* Sources */,
				AA8A5B12287942E900470D94 /* Frameworks */,
				AA8A5B13287942E900470D94 /* Resources */,
			);
			buildRules = (
			);
			dependencies = (
			);
			name = Checklist;
			productName = Checklist;
			productReference = AA8A5B15287942E900470D94 /* Checklist.app */;
			productType = "com.apple.product-type.application";
		};
/* End PBXNativeTarget section */

/* Begin PBXProject section */
		AA8A5B0D287942E900470D94 /* Project object */ = {
			isa = PBXProject;
			attributes = {
				BuildIndependentTargetsInParallel = 1;
				LastSwiftUpdateCheck = 1340;
				LastUpgradeCheck = 1340;
				TargetAttributes = {
					AA8A5B14287942E900470D94 = {
						CreatedOnToolsVersion = 13.4.1;
					};
				};
			};
			buildConfigurationList = AA8A5B10287942E900470D94 /* Build configuration list for PBXProject "Checklist" */;
			compatibilityVersion = "Xcode 13.0";
			developmentRegion = en;
			hasScannedForEncodings = 0;
			knownRegions = (
				en,
				Base,
			);
			mainGroup = AA8A5B0C287942E900470D94;
			productRefGroup = AA8A5B16287942E900470D94 /* Products */;
			projectDirPath = "";
			projectRoot = "";
			targets = (
				AA8A5B14287942E900470D94 /* Checklist */,
			);
		};
/* End PBXProject section */

/* Begin PBXResourcesBuildPhase section */
		AA8A5B13287942E900470D94 /* Resources */ = {
			isa = PBXResourcesBuildPhase;
			buildActionMask = 2147483647;
			files = (
				AA8A5B22287942EA00470D94 /* Assets.xcassets in Resources */,
				AA8A5B20287942E900470D94 /* Main.storyboard in Resources */,
			);
			runOnlyForDeploymentPostprocessing = 0;
		};
/* End PBXResourcesBuildPhase section */

/* Begin PBXSourcesBuildPhase section */
		AA8A5B11287942E900470D94 /* Sources */ = {
			isa = PBXSourcesBuildPhase;
			buildActionMask = 2147483647;
			files = (
				AA1E350A287C52FA009C0FAD /* AddItemViewController.swift in Sources */,
				AA8A5B1D287942E900470D94 /* ChecklistViewController.swift in Sources */,
				AA79D295287E6FBE002EB787 /* AllListsViewController.swift in Sources */,
				AA1751D12892D7FD00053328 /* IconPickerViewController.swift in Sources */,
				AA8A5B19287942E900470D94 /* AppDelegate.swift in Sources */,
				AA8A5B1B287942E900470D94 /* SceneDelegate.swift in Sources */,
				AA1E3504287A8E61009C0FAD /* ChecklistItem.swift in Sources */,
				AADFEE45287FE7E8004619D6 /* Checklist.swift in Sources */,
				AADFEE47287FF2C1004619D6 /* ListDetailViewController.swift in Sources */,
				AA1751CC2890156700053328 /* DataModel.swift in Sources */,
			);
			runOnlyForDeploymentPostprocessing = 0;
		};
/* End PBXSourcesBuildPhase section */

/* Begin PBXVariantGroup section */
		AA8A5B1E287942E900470D94 /* Main.storyboard */ = {
			isa = PBXVariantGroup;
			children = (
				AA8A5B1F287942E900470D94 /* Base */,
			);
			name = Main.storyboard;
			sourceTree = "<group>";
		};
/* End PBXVariantGroup section */

/* Begin XCBuildConfiguration section */
		AA8A5B27287942EA00470D94 /* Debug */ = {
			isa = XCBuildConfiguration;
			buildSettings = {
				ALWAYS_SEARCH_USER_PATHS = NO;
				CLANG_ANALYZER_NONNULL = YES;
				CLANG_ANALYZER_NUMBER_OBJECT_CONVERSION = YES_AGGRESSIVE;
				CLANG_CXX_LANGUAGE_STANDARD = "gnu++17";
				CLANG_ENABLE_MODULES = YES;
				CLANG_ENABLE_OBJC_ARC = YES;
				CLANG_ENABLE_OBJC_WEAK = YES;
				CLANG_WARN_BLOCK_CAPTURE_AUTORELEASING = YES;
				CLANG_WARN_BOOL_CONVERSION = YES;
				CLANG_WARN_COMMA = YES;
				CLANG_WARN_CONSTANT_CONVERSION = YES;
				CLANG_WARN_DEPRECATED_OBJC_IMPLEMENTATIONS = YES;
				CLANG_WARN_DIRECT_OBJC_ISA_USAGE = YES_ERROR;
				CLANG_WARN_DOCUMENTATION_COMMENTS = YES;
				CLANG_WARN_EMPTY_BODY = YES;
				CLANG_WARN_ENUM_CONVERSION = YES;
				CLANG_WARN_INFINITE_RECURSION = YES;
				CLANG_WARN_INT_CONVERSION = YES;
				CLANG_WARN_NON_LITERAL_NULL_CONVERSION = YES;
				CLANG_WARN_OBJC_IMPLICIT_RETAIN_SELF = YES;
				CLANG_WARN_OBJC_LITERAL_CONVERSION = YES;
				CLANG_WARN_OBJC_ROOT_CLASS = YES_ERROR;
				CLANG_WARN_QUOTED_INCLUDE_IN_FRAMEWORK_HEADER = YES;
				CLANG_WARN_RANGE_LOOP_ANALYSIS = YES;
				CLANG_WARN_STRICT_PROTOTYPES = YES;
				CLANG_WARN_SUSPICIOUS_MOVE = YES;
				CLANG_WARN_UNGUARDED_AVAILABILITY = YES_AGGRESSIVE;
				CLANG_WARN_UNREACHABLE_CODE = YES;
				CLANG_WARN__DUPLICATE_METHOD_MATCH = YES;
				COPY_PHASE_STRIP = NO;
				DEBUG_INFORMATION_FORMAT = dwarf;
				ENABLE_STRICT_OBJC_MSGSEND = YES;
				ENABLE_TESTABILITY = YES;
				GCC_C_LANGUAGE_STANDARD = gnu11;
				GCC_DYNAMIC_NO_PIC = NO;
				GCC_NO_COMMON_BLOCKS = YES;
				GCC_OPTIMIZATION_LEVEL = 0;
				GCC_PREPROCESSOR_DEFINITIONS = (
					"DEBUG=1",
					"$(inherited)",
				);
				GCC_WARN_64_TO_32_BIT_CONVERSION = YES;
				GCC_WARN_ABOUT_RETURN_TYPE = YES_ERROR;
				GCC_WARN_UNDECLARED_SELECTOR = YES;
				GCC_WARN_UNINITIALIZED_AUTOS = YES_AGGRESSIVE;
				GCC_WARN_UNUSED_FUNCTION = YES;
				GCC_WARN_UNUSED_VARIABLE = YES;
				IPHONEOS_DEPLOYMENT_TARGET = 15.5;
				MTL_ENABLE_DEBUG_INFO = INCLUDE_SOURCE;
				MTL_FAST_MATH = YES;
				ONLY_ACTIVE_ARCH = YES;
				SDKROOT = iphoneos;
				SWIFT_ACTIVE_COMPILATION_CONDITIONS = DEBUG;
				SWIFT_OPTIMIZATION_LEVEL = "-Onone";
			};
			name = Debug;
		};
		AA8A5B28287942EA00470D94 /* Release */ = {
			isa = XCBuildConfiguration;
			buildSettings = {
				ALWAYS_SEARCH_USER_PATHS = NO;
				CLANG_ANALYZER_NONNULL = YES;
				CLANG_ANALYZER_NUMBER_OBJECT_CONVERSION = YES_AGGRESSIVE;
				CLANG_CXX_LANGUAGE_STANDARD = "gnu++17";
				CLANG_ENABLE_MODULES = YES;
				CLANG_ENABLE_OBJC_ARC = YES;
				CLANG_ENABLE_OBJC_WEAK = YES;
				CLANG_WARN_BLOCK_CAPTURE_AUTORELEASING = YES;
				CLANG_WARN_BOOL_CONVERSION = YES;
				CLANG_WARN_COMMA = YES;
				CLANG_WARN_CONSTANT_CONVERSION = YES;
				CLANG_WARN_DEPRECATED_OBJC_IMPLEMENTATIONS = YES;
				CLANG_WARN_DIRECT_OBJC_ISA_USAGE = YES_ERROR;
				CLANG_WARN_DOCUMENTATION_COMMENTS = YES;
				CLANG_WARN_EMPTY_BODY = YES;
				CLANG_WARN_ENUM_CONVERSION = YES;
				CLANG_WARN_INFINITE_RECURSION = YES;
				CLANG_WARN_INT_CONVERSION = YES;
				CLANG_WARN_NON_LITERAL_NULL_CONVERSION = YES;
				CLANG_WARN_OBJC_IMPLICIT_RETAIN_SELF = YES;
				CLANG_WARN_OBJC_LITERAL_CONVERSION = YES;
				CLANG_WARN_OBJC_ROOT_CLASS = YES_ERROR;
				CLANG_WARN_QUOTED_INCLUDE_IN_FRAMEWORK_HEADER = YES;
				CLANG_WARN_RANGE_LOOP_ANALYSIS = YES;
				CLANG_WARN_STRICT_PROTOTYPES = YES;
				CLANG_WARN_SUSPICIOUS_MOVE = YES;
				CLANG_WARN_UNGUARDED_AVAILABILITY = YES_AGGRESSIVE;
				CLANG_WARN_UNREACHABLE_CODE = YES;
				CLANG_WARN__DUPLICATE_METHOD_MATCH = YES;
				COPY_PHASE_STRIP = NO;
				DEBUG_INFORMATION_FORMAT = "dwarf-with-dsym";
				ENABLE_NS_ASSERTIONS = NO;
				ENABLE_STRICT_OBJC_MSGSEND = YES;
				GCC_C_LANGUAGE_STANDARD = gnu11;
				GCC_NO_COMMON_BLOCKS = YES;
				GCC_WARN_64_TO_32_BIT_CONVERSION = YES;
				GCC_WARN_ABOUT_RETURN_TYPE = YES_ERROR;
				GCC_WARN_UNDECLARED_SELECTOR = YES;
				GCC_WARN_UNINITIALIZED_AUTOS = YES_AGGRESSIVE;
				GCC_WARN_UNUSED_FUNCTION = YES;
				GCC_WARN_UNUSED_VARIABLE = YES;
				IPHONEOS_DEPLOYMENT_TARGET = 15.5;
				MTL_ENABLE_DEBUG_INFO = NO;
				MTL_FAST_MATH = YES;
				SDKROOT = iphoneos;
				SWIFT_COMPILATION_MODE = wholemodule;
				SWIFT_OPTIMIZATION_LEVEL = "-O";
				VALIDATE_PRODUCT = YES;
			};
			name = Release;
		};
		AA8A5B2A287942EA00470D94 /* Debug */ = {
			isa = XCBuildConfiguration;
			buildSettings = {
				ASSETCATALOG_COMPILER_APPICON_NAME = AppIcon;
				ASSETCATALOG_COMPILER_GLOBAL_ACCENT_COLOR_NAME = AccentColor;
				CODE_SIGN_STYLE = Automatic;
				CURRENT_PROJECT_VERSION = 1;
				DEVELOPMENT_TEAM = 7A8Q75M3WV;
				GENERATE_INFOPLIST_FILE = YES;
				INFOPLIST_FILE = Checklist/Info.plist;
				INFOPLIST_KEY_UIApplicationSupportsIndirectInputEvents = YES;
				INFOPLIST_KEY_UILaunchStoryboardName = Main;
				INFOPLIST_KEY_UIMainStoryboardFile = Main;
				INFOPLIST_KEY_UISupportedInterfaceOrientations = UIInterfaceOrientationPortrait;
				INFOPLIST_KEY_UISupportedInterfaceOrientations_iPad = "UIInterfaceOrientationPortrait UIInterfaceOrientationPortraitUpsideDown UIInterfaceOrientationLandscapeLeft UIInterfaceOrientationLandscapeRight";
				INFOPLIST_KEY_UISupportedInterfaceOrientations_iPhone = "UIInterfaceOrientationPortrait UIInterfaceOrientationLandscapeLeft UIInterfaceOrientationLandscapeRight";
				LD_RUNPATH_SEARCH_PATHS = (
					"$(inherited)",
					"@executable_path/Frameworks",
				);
				MARKETING_VERSION = 1.0;
				PRODUCT_BUNDLE_IDENTIFIER = com.alphitardian.Checklist;
				PRODUCT_NAME = "$(TARGET_NAME)";
				SWIFT_EMIT_LOC_STRINGS = YES;
				SWIFT_VERSION = 5.0;
				TARGETED_DEVICE_FAMILY = "1,2";
			};
			name = Debug;
		};
		AA8A5B2B287942EA00470D94 /* Release */ = {
			isa = XCBuildConfiguration;
			buildSettings = {
				ASSETCATALOG_COMPILER_APPICON_NAME = AppIcon;
				ASSETCATALOG_COMPILER_GLOBAL_ACCENT_COLOR_NAME = AccentColor;
				CODE_SIGN_STYLE = Automatic;
				CURRENT_PROJECT_VERSION = 1;
				DEVELOPMENT_TEAM = 7A8Q75M3WV;
				GENERATE_INFOPLIST_FILE = YES;
				INFOPLIST_FILE = Checklist/Info.plist;
				INFOPLIST_KEY_UIApplicationSupportsIndirectInputEvents = YES;
				INFOPLIST_KEY_UILaunchStoryboardName = Main;
				INFOPLIST_KEY_UIMainStoryboardFile = Main;
				INFOPLIST_KEY_UISupportedInterfaceOrientations = UIInterfaceOrientationPortrait;
				INFOPLIST_KEY_UISupportedInterfaceOrientations_iPad = "UIInterfaceOrientationPortrait UIInterfaceOrientationPortraitUpsideDown UIInterfaceOrientationLandscapeLeft UIInterfaceOrientationLandscapeRight";
				INFOPLIST_KEY_UISupportedInterfaceOrientations_iPhone = "UIInterfaceOrientationPortrait UIInterfaceOrientationLandscapeLeft UIInterfaceOrientationLandscapeRight";
				LD_RUNPATH_SEARCH_PATHS = (
					"$(inherited)",
					"@executable_path/Frameworks",
				);
				MARKETING_VERSION = 1.0;
				PRODUCT_BUNDLE_IDENTIFIER = com.alphitardian.Checklist;
				PRODUCT_NAME = "$(TARGET_NAME)";
				SWIFT_EMIT_LOC_STRINGS = YES;
				SWIFT_VERSION = 5.0;
				TARGETED_DEVICE_FAMILY = "1,2";
			};
			name = Release;
		};
/* End XCBuildConfiguration section */

/* Begin XCConfigurationList section */
		AA8A5B10287942E900470D94 /* Build configuration list for PBXProject "Checklist" */ = {
			isa = XCConfigurationList;
			buildConfigurations = (
				AA8A5B27287942EA00470D94 /* Debug */,
				AA8A5B28287942EA00470D94 /* Release */,
			);
			defaultConfigurationIsVisible = 0;
			defaultConfigurationName = Release;
		};
		AA8A5B29287942EA00470D94 /* Build configuration list for PBXNativeTarget "Checklist" */ = {
			isa = XCConfigurationList;
			buildConfigurations = (
				AA8A5B2A287942EA00470D94 /* Debug */,
				AA8A5B2B287942EA00470D94 /* Release */,
			);
			defaultConfigurationIsVisible = 0;
			defaultConfigurationName = Release;
		};
/* End XCConfigurationList section */
	};
	rootObject = AA8A5B0D287942E900470D94 /* Project object */;
}
